// !$*UTF8*$!
{
	archiveVersion = 1;
	classes = {
	};
	objectVersion = 46;
	objects = {

/* Begin PBXBuildFile section */
		02B2B85B1F120643000E3980 /* AppDelegate.swift in Sources */ = {isa = PBXBuildFile; fileRef = 02B2B85A1F120643000E3980 /* AppDelegate.swift */; };
		02B2B86B1F1206B3000E3980 /* Main.xib in Resources */ = {isa = PBXBuildFile; fileRef = 02B2B8691F1206B3000E3980 /* Main.xib */; };
		02B2B8731F122910000E3980 /* PopoverViewController.swift in Sources */ = {isa = PBXBuildFile; fileRef = 02B2B8721F122910000E3980 /* PopoverViewController.swift */; };
		02B2B8781F1317AA000E3980 /* StringMD5.swift in Sources */ = {isa = PBXBuildFile; fileRef = 02B2B8771F1317AA000E3980 /* StringMD5.swift */; };
		02B2B87E1F13315B000E3980 /* YouDaoService.swift in Sources */ = {isa = PBXBuildFile; fileRef = 02B2B87D1F13315B000E3980 /* YouDaoService.swift */; };
		02E389961F14E7EA00F32EEA /* Assets.xcassets in Resources */ = {isa = PBXBuildFile; fileRef = 02E389951F14E7EA00F32EEA /* Assets.xcassets */; };
		743FC944E51BF3EE4CC7C78F /* libPods-MDictionary.a in Frameworks */ = {isa = PBXBuildFile; fileRef = 29405A660C0DD3EAE21A9BB1 /* libPods-MDictionary.a */; };
/* End PBXBuildFile section */

/* Begin PBXFileReference section */
		02B2B8571F120643000E3980 /* MDictionary.app */ = {isa = PBXFileReference; explicitFileType = wrapper.application; includeInIndex = 0; path = MDictionary.app; sourceTree = BUILT_PRODUCTS_DIR; };
		02B2B85A1F120643000E3980 /* AppDelegate.swift */ = {isa = PBXFileReference; lastKnownFileType = sourcecode.swift; path = AppDelegate.swift; sourceTree = "<group>"; };
		02B2B8631F120643000E3980 /* Info.plist */ = {isa = PBXFileReference; lastKnownFileType = text.plist.xml; path = Info.plist; sourceTree = "<group>"; };
		02B2B86A1F1206B3000E3980 /* Base */ = {isa = PBXFileReference; lastKnownFileType = file.xib; name = Base; path = Base.lproj/Main.xib; sourceTree = "<group>"; };
		02B2B8721F122910000E3980 /* PopoverViewController.swift */ = {isa = PBXFileReference; fileEncoding = 4; lastKnownFileType = sourcecode.swift; path = PopoverViewController.swift; sourceTree = "<group>"; };
		02B2B8771F1317AA000E3980 /* StringMD5.swift */ = {isa = PBXFileReference; fileEncoding = 4; lastKnownFileType = sourcecode.swift; path = StringMD5.swift; sourceTree = "<group>"; };
		02B2B8791F131BD5000E3980 /* MDictionary-Bridging-Header.h */ = {isa = PBXFileReference; lastKnownFileType = sourcecode.c.h; path = "MDictionary-Bridging-Header.h"; sourceTree = "<group>"; };
		02B2B87D1F13315B000E3980 /* YouDaoService.swift */ = {isa = PBXFileReference; fileEncoding = 4; lastKnownFileType = sourcecode.swift; path = YouDaoService.swift; sourceTree = "<group>"; };
		02E389951F14E7EA00F32EEA /* Assets.xcassets */ = {isa = PBXFileReference; lastKnownFileType = folder.assetcatalog; path = Assets.xcassets; sourceTree = "<group>"; };
		29405A660C0DD3EAE21A9BB1 /* libPods-MDictionary.a */ = {isa = PBXFileReference; explicitFileType = archive.ar; includeInIndex = 0; path = "libPods-MDictionary.a"; sourceTree = BUILT_PRODUCTS_DIR; };
		CD9A864293214B05A3D62518 /* Pods-MDictionary.release.xcconfig */ = {isa = PBXFileReference; includeInIndex = 1; lastKnownFileType = text.xcconfig; name = "Pods-MDictionary.release.xcconfig"; path = "Pods/Target Support Files/Pods-MDictionary/Pods-MDictionary.release.xcconfig"; sourceTree = "<group>"; };
		F7A657C43823D1E288A443C9 /* Pods-MDictionary.debug.xcconfig */ = {isa = PBXFileReference; includeInIndex = 1; lastKnownFileType = text.xcconfig; name = "Pods-MDictionary.debug.xcconfig"; path = "Pods/Target Support Files/Pods-MDictionary/Pods-MDictionary.debug.xcconfig"; sourceTree = "<group>"; };
/* End PBXFileReference section */

/* Begin PBXFrameworksBuildPhase section */
		02B2B8541F120643000E3980 /* Frameworks */ = {
			isa = PBXFrameworksBuildPhase;
			buildActionMask = 2147483647;
			files = (
				743FC944E51BF3EE4CC7C78F /* libPods-MDictionary.a in Frameworks */,
			);
			runOnlyForDeploymentPostprocessing = 0;
		};
/* End PBXFrameworksBuildPhase section */

/* Begin PBXGroup section */
		02B2B84E1F120643000E3980 = {
			isa = PBXGroup;
			children = (
				02B2B8591F120643000E3980 /* MDictionary */,
				02B2B8581F120643000E3980 /* Products */,
				930D74D7B1DF7079DBEF5BFB /* Pods */,
				CFECA6E83A244BDB175BCEAA /* Frameworks */,
			);
			sourceTree = "<group>";
		};
		02B2B8581F120643000E3980 /* Products */ = {
			isa = PBXGroup;
			children = (
				02B2B8571F120643000E3980 /* MDictionary.app */,
			);
			name = Products;
			sourceTree = "<group>";
		};
		02B2B8591F120643000E3980 /* MDictionary */ = {
			isa = PBXGroup;
			children = (
				02E389951F14E7EA00F32EEA /* Assets.xcassets */,
				02B2B85A1F120643000E3980 /* AppDelegate.swift */,
				02B2B8721F122910000E3980 /* PopoverViewController.swift */,
				02B2B8631F120643000E3980 /* Info.plist */,
				02B2B8691F1206B3000E3980 /* Main.xib */,
				02B2B8771F1317AA000E3980 /* StringMD5.swift */,
				02B2B8791F131BD5000E3980 /* MDictionary-Bridging-Header.h */,
				02B2B87D1F13315B000E3980 /* YouDaoService.swift */,
			);
			path = MDictionary;
			sourceTree = "<group>";
		};
		930D74D7B1DF7079DBEF5BFB /* Pods */ = {
			isa = PBXGroup;
			children = (
				F7A657C43823D1E288A443C9 /* Pods-MDictionary.debug.xcconfig */,
				CD9A864293214B05A3D62518 /* Pods-MDictionary.release.xcconfig */,
			);
			name = Pods;
			sourceTree = "<group>";
		};
		CFECA6E83A244BDB175BCEAA /* Frameworks */ = {
			isa = PBXGroup;
			children = (
				29405A660C0DD3EAE21A9BB1 /* libPods-MDictionary.a */,
			);
			name = Frameworks;
			sourceTree = "<group>";
		};
/* End PBXGroup section */

/* Begin PBXNativeTarget section */
		02B2B8561F120643000E3980 /* MDictionary */ = {
			isa = PBXNativeTarget;
			buildConfigurationList = 02B2B8661F120643000E3980 /* Build configuration list for PBXNativeTarget "MDictionary" */;
			buildPhases = (
				5AFC535E1C5FAB48103C6280 /* [CP] Check Pods Manifest.lock */,
				02B2B8531F120643000E3980 /* Sources */,
				02B2B8541F120643000E3980 /* Frameworks */,
				02B2B8551F120643000E3980 /* Resources */,
				A89838ADD278D2CF411D50AC /* [CP] Embed Pods Frameworks */,
				EBE88F66DF438B53AC142F2E /* [CP] Copy Pods Resources */,
			);
			buildRules = (
			);
			dependencies = (
			);
			name = MDictionary;
			productName = MDictionary;
			productReference = 02B2B8571F120643000E3980 /* MDictionary.app */;
			productType = "com.apple.product-type.application";
		};
/* End PBXNativeTarget section */

/* Begin PBXProject section */
		02B2B84F1F120643000E3980 /* Project object */ = {
			isa = PBXProject;
			attributes = {
				LastSwiftUpdateCheck = 0830;
				LastUpgradeCheck = 0830;
				ORGANIZATIONNAME = liwenqiu;
				TargetAttributes = {
					02B2B8561F120643000E3980 = {
						CreatedOnToolsVersion = 8.3.3;
						DevelopmentTeam = KABP33649N;
						LastSwiftMigration = 0830;
						ProvisioningStyle = Automatic;
					};
				};
			};
			buildConfigurationList = 02B2B8521F120643000E3980 /* Build configuration list for PBXProject "MDictionary" */;
			compatibilityVersion = "Xcode 3.2";
			developmentRegion = English;
			hasScannedForEncodings = 0;
			knownRegions = (
				en,
				Base,
			);
			mainGroup = 02B2B84E1F120643000E3980;
			productRefGroup = 02B2B8581F120643000E3980 /* Products */;
			projectDirPath = "";
			projectRoot = "";
			targets = (
				02B2B8561F120643000E3980 /* MDictionary */,
			);
		};
/* End PBXProject section */

/* Begin PBXResourcesBuildPhase section */
		02B2B8551F120643000E3980 /* Resources */ = {
			isa = PBXResourcesBuildPhase;
			buildActionMask = 2147483647;
			files = (
				02E389961F14E7EA00F32EEA /* Assets.xcassets in Resources */,
				02B2B86B1F1206B3000E3980 /* Main.xib in Resources */,
			);
			runOnlyForDeploymentPostprocessing = 0;
		};
/* End PBXResourcesBuildPhase section */

/* Begin PBXShellScriptBuildPhase section */
		5AFC535E1C5FAB48103C6280 /* [CP] Check Pods Manifest.lock */ = {
			isa = PBXShellScriptBuildPhase;
			buildActionMask = 2147483647;
			files = (
			);
			inputPaths = (
			);
			name = "[CP] Check Pods Manifest.lock";
			outputPaths = (
			);
			runOnlyForDeploymentPostprocessing = 0;
			shellPath = /bin/sh;
			shellScript = "diff \"${PODS_ROOT}/../Podfile.lock\" \"${PODS_ROOT}/Manifest.lock\" > /dev/null\nif [ $? != 0 ] ; then\n    # print error to STDERR\n    echo \"error: The sandbox is not in sync with the Podfile.lock. Run 'pod install' or update your CocoaPods installation.\" >&2\n    exit 1\nfi\n";
			showEnvVarsInLog = 0;
		};
		A89838ADD278D2CF411D50AC /* [CP] Embed Pods Frameworks */ = {
			isa = PBXShellScriptBuildPhase;
			buildActionMask = 2147483647;
			files = (
			);
			inputPaths = (
			);
			name = "[CP] Embed Pods Frameworks";
			outputPaths = (
			);
			runOnlyForDeploymentPostprocessing = 0;
			shellPath = /bin/sh;
			shellScript = "\"${SRCROOT}/Pods/Target Support Files/Pods-MDictionary/Pods-MDictionary-frameworks.sh\"\n";
			showEnvVarsInLog = 0;
		};
		EBE88F66DF438B53AC142F2E /* [CP] Copy Pods Resources */ = {
			isa = PBXShellScriptBuildPhase;
			buildActionMask = 2147483647;
			files = (
			);
			inputPaths = (
			);
			name = "[CP] Copy Pods Resources";
			outputPaths = (
			);
			runOnlyForDeploymentPostprocessing = 0;
			shellPath = /bin/sh;
			shellScript = "\"${SRCROOT}/Pods/Target Support Files/Pods-MDictionary/Pods-MDictionary-resources.sh\"\n";
			showEnvVarsInLog = 0;
		};
/* End PBXShellScriptBuildPhase section */

/* Begin PBXSourcesBuildPhase section */
		02B2B8531F120643000E3980 /* Sources */ = {
			isa = PBXSourcesBuildPhase;
			buildActionMask = 2147483647;
			files = (
				02B2B8731F122910000E3980 /* PopoverViewController.swift in Sources */,
				02B2B8781F1317AA000E3980 /* StringMD5.swift in Sources */,
				02B2B87E1F13315B000E3980 /* YouDaoService.swift in Sources */,
				02B2B85B1F120643000E3980 /* AppDelegate.swift in Sources */,
			);
			runOnlyForDeploymentPostprocessing = 0;
		};
/* End PBXSourcesBuildPhase section */

/* Begin PBXVariantGroup section */
		02B2B8691F1206B3000E3980 /* Main.xib */ = {
			isa = PBXVariantGroup;
			children = (
				02B2B86A1F1206B3000E3980 /* Base */,
			);
			name = Main.xib;
			sourceTree = "<group>";
		};
/* End PBXVariantGroup section */

/* Begin XCBuildConfiguration section */
		02B2B8641F120643000E3980 /* Debug */ = {
			isa = XCBuildConfiguration;
			buildSettings = {
				ALWAYS_SEARCH_USER_PATHS = NO;
				CLANG_ANALYZER_NONNULL = YES;
				CLANG_ANALYZER_NUMBER_OBJECT_CONVERSION = YES_AGGRESSIVE;
				CLANG_CXX_LANGUAGE_STANDARD = "gnu++0x";
				CLANG_CXX_LIBRARY = "libc++";
				CLANG_ENABLE_MODULES = YES;
				CLANG_ENABLE_OBJC_ARC = YES;
				CLANG_WARN_BOOL_CONVERSION = YES;
				CLANG_WARN_CONSTANT_CONVERSION = YES;
				CLANG_WARN_DIRECT_OBJC_ISA_USAGE = YES_ERROR;
				CLANG_WARN_DOCUMENTATION_COMMENTS = YES;
				CLANG_WARN_EMPTY_BODY = YES;
				CLANG_WARN_ENUM_CONVERSION = YES;
				CLANG_WARN_INFINITE_RECURSION = YES;
				CLANG_WARN_INT_CONVERSION = YES;
				CLANG_WARN_OBJC_ROOT_CLASS = YES_ERROR;
				CLANG_WARN_SUSPICIOUS_MOVE = YES;
				CLANG_WARN_UNREACHABLE_CODE = YES;
				CLANG_WARN__DUPLICATE_METHOD_MATCH = YES;
				CODE_SIGN_IDENTITY = "-";
				COPY_PHASE_STRIP = NO;
				DEBUG_INFORMATION_FORMAT = dwarf;
				ENABLE_STRICT_OBJC_MSGSEND = YES;
				ENABLE_TESTABILITY = YES;
				GCC_C_LANGUAGE_STANDARD = gnu99;
				GCC_DYNAMIC_NO_PIC = NO;
				GCC_NO_COMMON_BLOCKS = YES;
				GCC_OPTIMIZATION_LEVEL = 0;
				GCC_PREPROCESSOR_DEFINITIONS = (
					"DEBUG=1",
					"$(inherited)",
				);
				GCC_WARN_64_TO_32_BIT_CONVERSION = YES;
				GCC_WARN_ABOUT_RETURN_TYPE = YES_ERROR;
				GCC_WARN_UNDECLARED_SELECTOR = YES;
				GCC_WARN_UNINITIALIZED_AUTOS = YES_AGGRESSIVE;
				GCC_WARN_UNUSED_FUNCTION = YES;
				GCC_WARN_UNUSED_VARIABLE = YES;
				MACOSX_DEPLOYMENT_TARGET = 10.12;
				MTL_ENABLE_DEBUG_INFO = YES;
				ONLY_ACTIVE_ARCH = YES;
				SDKROOT = macosx;
				SWIFT_ACTIVE_COMPILATION_CONDITIONS = DEBUG;
				SWIFT_OPTIMIZATION_LEVEL = "-Onone";
			};
			name = Debug;
		};
		02B2B8651F120643000E3980 /* Release */ = {
			isa = XCBuildConfiguration;
			buildSettings = {
				ALWAYS_SEARCH_USER_PATHS = NO;
				CLANG_ANALYZER_NONNULL = YES;
				CLANG_ANALYZER_NUMBER_OBJECT_CONVERSION = YES_AGGRESSIVE;
				CLANG_CXX_LANGUAGE_STANDARD = "gnu++0x";
				CLANG_CXX_LIBRARY = "libc++";
				CLANG_ENABLE_MODULES = YES;
				CLANG_ENABLE_OBJC_ARC = YES;
				CLANG_WARN_BOOL_CONVERSION = YES;
				CLANG_WARN_CONSTANT_CONVERSION = YES;
				CLANG_WARN_DIRECT_OBJC_ISA_USAGE = YES_ERROR;
				CLANG_WARN_DOCUMENTATION_COMMENTS = YES;
				CLANG_WARN_EMPTY_BODY = YES;
				CLANG_WARN_ENUM_CONVERSION = YES;
				CLANG_WARN_INFINITE_RECURSION = YES;
				CLANG_WARN_INT_CONVERSION = YES;
				CLANG_WARN_OBJC_ROOT_CLASS = YES_ERROR;
				CLANG_WARN_SUSPICIOUS_MOVE = YES;
				CLANG_WARN_UNREACHABLE_CODE = YES;
				CLANG_WARN__DUPLICATE_METHOD_MATCH = YES;
				CODE_SIGN_IDENTITY = "-";
				COPY_PHASE_STRIP = NO;
				DEBUG_INFORMATION_FORMAT = "dwarf-with-dsym";
				ENABLE_NS_ASSERTIONS = NO;
				ENABLE_STRICT_OBJC_MSGSEND = YES;
				GCC_C_LANGUAGE_STANDARD = gnu99;
				GCC_NO_COMMON_BLOCKS = YES;
				GCC_WARN_64_TO_32_BIT_CONVERSION = YES;
				GCC_WARN_ABOUT_RETURN_TYPE = YES_ERROR;
				GCC_WARN_UNDECLARED_SELECTOR = YES;
				GCC_WARN_UNINITIALIZED_AUTOS = YES_AGGRESSIVE;
				GCC_WARN_UNUSED_FUNCTION = YES;
				GCC_WARN_UNUSED_VARIABLE = YES;
				MACOSX_DEPLOYMENT_TARGET = 10.12;
				MTL_ENABLE_DEBUG_INFO = NO;
				SDKROOT = macosx;
				SWIFT_OPTIMIZATION_LEVEL = "-Owholemodule";
			};
			name = Release;
		};
		02B2B8671F120643000E3980 /* Debug */ = {
			isa = XCBuildConfiguration;
			baseConfigurationReference = F7A657C43823D1E288A443C9 /* Pods-MDictionary.debug.xcconfig */;
			buildSettings = {
				ASSETCATALOG_COMPILER_APPICON_NAME = AppIcon;
				CLANG_ENABLE_MODULES = YES;
				CODE_SIGN_IDENTITY = "Mac Developer";
				COMBINE_HIDPI_IMAGES = YES;
				DEVELOPMENT_TEAM = "";
				INFOPLIST_FILE = MDictionary/Info.plist;
				LD_RUNPATH_SEARCH_PATHS = "$(inherited) @executable_path/../Frameworks";
				PRODUCT_BUNDLE_IDENTIFIER = me.liwenqiu.MDictionary;
				PRODUCT_NAME = "$(TARGET_NAME)";
				PROVISIONING_PROFILE_SPECIFIER = "";
				SWIFT_OBJC_BRIDGING_HEADER = "MDictionary/MDictionary-Bridging-Header.h";
				SWIFT_OPTIMIZATION_LEVEL = "-Onone";
				SWIFT_VERSION = 3.0;
			};
			name = Debug;
		};
		02B2B8681F120643000E3980 /* Release */ = {
			isa = XCBuildConfiguration;
			baseConfigurationReference = CD9A864293214B05A3D62518 /* Pods-MDictionary.release.xcconfig */;
			buildSettings = {
				ASSETCATALOG_COMPILER_APPICON_NAME = AppIcon;
				CLANG_ENABLE_MODULES = YES;
				CODE_SIGN_IDENTITY = "Mac Developer";
				COMBINE_HIDPI_IMAGES = YES;
				DEVELOPMENT_TEAM = "";
				INFOPLIST_FILE = MDictionary/Info.plist;
				LD_RUNPATH_SEARCH_PATHS = "$(inherited) @executable_path/../Frameworks";
				PRODUCT_BUNDLE_IDENTIFIER = me.liwenqiu.MDictionary;
				PRODUCT_NAME = "$(TARGET_NAME)";
				PROVISIONING_PROFILE_SPECIFIER = "";
				SWIFT_OBJC_BRIDGING_HEADER = "MDictionary/MDictionary-Bridging-Header.h";
				SWIFT_VERSION = 3.0;
			};
			name = Release;
		};
/* End XCBuildConfiguration section */

/* Begin XCConfigurationList section */
		02B2B8521F120643000E3980 /* Build configuration list for PBXProject "MDictionary" */ = {
			isa = XCConfigurationList;
			buildConfigurations = (
				02B2B8641F120643000E3980 /* Debug */,
				02B2B8651F120643000E3980 /* Release */,
			);
			defaultConfigurationIsVisible = 0;
			defaultConfigurationName = Release;
		};
		02B2B8661F120643000E3980 /* Build configuration list for PBXNativeTarget "MDictionary" */ = {
			isa = XCConfigurationList;
			buildConfigurations = (
				02B2B8671F120643000E3980 /* Debug */,
				02B2B8681F120643000E3980 /* Release */,
			);
			defaultConfigurationIsVisible = 0;
			defaultConfigurationName = Release;
		};
/* End XCConfigurationList section */
	};
	rootObject = 02B2B84F1F120643000E3980 /* Project object */;
}
